
Microsoft Visual Studio Solution File, Format Version 12.00
# Visual Studio Version 17
VisualStudioVersion = 17.11.35222.181
MinimumVisualStudioVersion = 10.0.40219.1
Project("{FAE04EC0-301F-11D3-BF4B-00C04F79EFBC}") = "RPM_1", "RPM_1\RPM_1.csproj", "{142C7D96-F4C1-4323-9DCD-11B0F3B0009B}"
EndProject
Project("{FAE04EC0-301F-11D3-BF4B-00C04F79EFBC}") = "LibMas", "LibMas\LibMas.csproj", "{E54D4FC6-BBE2-47EF-BC18-3125A5D4918B}"
EndProject
Project("{FAE04EC0-301F-11D3-BF4B-00C04F79EFBC}") = "Lib_10", "Lib_10\Lib_10.csproj", "{7766BC6C-B442-4FC8-B4FE-B5DCC7A82ECA}"
EndProject
Global
	GlobalSection(SolutionConfigurationPlatforms) = preSolution
		Debug|Any CPU = Debug|Any CPU
		Release|Any CPU = Release|Any CPU
	EndGlobalSection
	GlobalSection(ProjectConfigurationPlatforms) = postSolution
		{142C7D96-F4C1-4323-9DCD-11B0F3B0009B}.Debug|Any CPU.ActiveCfg = Debug|Any CPU
		{142C7D96-F4C1-4323-9DCD-11B0F3B0009B}.Debug|Any CPU.Build.0 = Debug|Any CPU
		{142C7D96-F4C1-4323-9DCD-11B0F3B0009B}.Release|Any CPU.ActiveCfg = Release|Any CPU
		{142C7D96-F4C1-4323-9DCD-11B0F3B0009B}.Release|Any CPU.Build.0 = Release|Any CPU
		{E54D4FC6-BBE2-47EF-BC18-3125A5D4918B}.Debug|Any CPU.ActiveCfg = Debug|Any CPU
		{E54D4FC6-BBE2-47EF-BC18-3125A5D4918B}.Debug|Any CPU.Build.0 = Debug|Any CPU
		{E54D4FC6-BBE2-47EF-BC18-3125A5D4918B}.Release|Any CPU.ActiveCfg = Release|Any CPU
		{E54D4FC6-BBE2-47EF-BC18-3125A5D4918B}.Release|Any CPU.Build.0 = Release|Any CPU
		{7766BC6C-B442-4FC8-B4FE-B5DCC7A82ECA}.Debug|Any CPU.ActiveCfg = Debug|Any CPU
		{7766BC6C-B442-4FC8-B4FE-B5DCC7A82ECA}.Debug|Any CPU.Build.0 = Debug|Any CPU
		{7766BC6C-B442-4FC8-B4FE-B5DCC7A82ECA}.Release|Any CPU.ActiveCfg = Release|Any CPU
		{7766BC6C-B442-4FC8-B4FE-B5DCC7A82ECA}.Release|Any CPU.Build.0 = Release|Any CPU
	EndGlobalSection
	GlobalSection(SolutionProperties) = preSolution
		HideSolutionNode = FALSE
	EndGlobalSection
	GlobalSection(ExtensibilityGlobals) = postSolution
		SolutionGuid = {59B46577-39AD-4EC4-A9E1-5F9D6106F37A}
	EndGlobalSection
EndGlobal
